
Microsoft Visual Studio Solution File, Format Version 12.00
# Visual Studio Version 17
VisualStudioVersion = 17.11.35303.130
MinimumVisualStudioVersion = 10.0.40219.1
Project("{8BC9CEB8-8B4A-11D0-8D11-00A0C91BC942}") = "Lab_07.3rec", "Lab_07.3rec\Lab_07.3rec.vcxproj", "{FE097F82-7BE6-4331-96EC-039EE59E04D2}"
EndProject
Project("{8BC9CEB8-8B4A-11D0-8D11-00A0C91BC942}") = "UnitTest073rec", "UnitTest073rec\UnitTest073rec.vcxproj", "{BDB28AE1-F157-4452-AEFA-7F50113E129C}"
EndProject
Global
	GlobalSection(SolutionConfigurationPlatforms) = preSolution
		Debug|x64 = Debug|x64
		Debug|x86 = Debug|x86
		Release|x64 = Release|x64
		Release|x86 = Release|x86
	EndGlobalSection
	GlobalSection(ProjectConfigurationPlatforms) = postSolution
		{FE097F82-7BE6-4331-96EC-039EE59E04D2}.Debug|x64.ActiveCfg = Debug|x64
		{FE097F82-7BE6-4331-96EC-039EE59E04D2}.Debug|x64.Build.0 = Debug|x64
		{FE097F82-7BE6-4331-96EC-039EE59E04D2}.Debug|x86.ActiveCfg = Debug|Win32
		{FE097F82-7BE6-4331-96EC-039EE59E04D2}.Debug|x86.Build.0 = Debug|Win32
		{FE097F82-7BE6-4331-96EC-039EE59E04D2}.Release|x64.ActiveCfg = Release|x64
		{FE097F82-7BE6-4331-96EC-039EE59E04D2}.Release|x64.Build.0 = Release|x64
		{FE097F82-7BE6-4331-96EC-039EE59E04D2}.Release|x86.ActiveCfg = Release|Win32
		{FE097F82-7BE6-4331-96EC-039EE59E04D2}.Release|x86.Build.0 = Release|Win32
		{BDB28AE1-F157-4452-AEFA-7F50113E129C}.Debug|x64.ActiveCfg = Debug|x64
		{BDB28AE1-F157-4452-AEFA-7F50113E129C}.Debug|x64.Build.0 = Debug|x64
		{BDB28AE1-F157-4452-AEFA-7F50113E129C}.Debug|x86.ActiveCfg = Debug|Win32
		{BDB28AE1-F157-4452-AEFA-7F50113E129C}.Debug|x86.Build.0 = Debug|Win32
		{BDB28AE1-F157-4452-AEFA-7F50113E129C}.Release|x64.ActiveCfg = Release|x64
		{BDB28AE1-F157-4452-AEFA-7F50113E129C}.Release|x64.Build.0 = Release|x64
		{BDB28AE1-F157-4452-AEFA-7F50113E129C}.Release|x86.ActiveCfg = Release|Win32
		{BDB28AE1-F157-4452-AEFA-7F50113E129C}.Release|x86.Build.0 = Release|Win32
	EndGlobalSection
	GlobalSection(SolutionProperties) = preSolution
		HideSolutionNode = FALSE
	EndGlobalSection
	GlobalSection(ExtensibilityGlobals) = postSolution
		SolutionGuid = {70F90261-6E24-4E4C-9206-6AB3BFC04148}
	EndGlobalSection
EndGlobal
